# @generated by Move, please check-in and do not edit manually.

[move]
version = 3
manifest_digest = "1BE3900A70302768B1AD31E110B4959F41C34151A1570CC55B9C5C75FB5F6FFB"
deps_digest = "F8BBB0CCB2491CA29A3DF03D6F92277A4F3574266507ACD77214D37ECA3F3082"
dependencies = [
  { id = "Sui", name = "Sui" },
]

[[move.package]]
id = "MoveStdlib"
source = { git = "https://github.com/MystenLabs/sui.git", rev = "framework/testnet", subdir = "crates/sui-framework/packages/move-stdlib" }

[[move.package]]
id = "Sui"
source = { git = "https://github.com/MystenLabs/sui.git", rev = "framework/testnet", subdir = "crates/sui-framework/packages/sui-framework" }

dependencies = [
  { id = "MoveStdlib", name = "MoveStdlib" },
]

[move.toolchain-version]
compiler-version = "1.60.0"
edition = "2024.beta"
flavor = "sui"

[env]

[env.testnet]
chain-id = "4c78adac"
original-published-id = "0x02e421990f3349629427fdb6d090ea5c56e1e8f90f484deb8b15a97127f65de1"
latest-published-id = "0x02e421990f3349629427fdb6d090ea5c56e1e8f90f484deb8b15a97127f65de1"
published-version = "1"
